
Microsoft Visual Studio Solution File, Format Version 12.00
# Visual Studio Version 17
VisualStudioVersion = 17.10.35122.118
MinimumVisualStudioVersion = 10.0.40219.1
Project("{FAE04EC0-301F-11D3-BF4B-00C04F79EFBC}") = "ExemploController", "ExemploController\ExemploController.csproj", "{283C2CA5-642D-44D8-9F0A-423A8965840B}"
EndProject
Global
	GlobalSection(SolutionConfigurationPlatforms) = preSolution
		Debug|Any CPU = Debug|Any CPU
		Release|Any CPU = Release|Any CPU
	EndGlobalSection
	GlobalSection(ProjectConfigurationPlatforms) = postSolution
		{283C2CA5-642D-44D8-9F0A-423A8965840B}.Debug|Any CPU.ActiveCfg = Debug|Any CPU
		{283C2CA5-642D-44D8-9F0A-423A8965840B}.Debug|Any CPU.Build.0 = Debug|Any CPU
		{283C2CA5-642D-44D8-9F0A-423A8965840B}.Release|Any CPU.ActiveCfg = Release|Any CPU
		{283C2CA5-642D-44D8-9F0A-423A8965840B}.Release|Any CPU.Build.0 = Release|Any CPU
	EndGlobalSection
	GlobalSection(SolutionProperties) = preSolution
		HideSolutionNode = FALSE
	EndGlobalSection
	GlobalSection(ExtensibilityGlobals) = postSolution
		SolutionGuid = {F8C3167C-D4A7-48FC-9B88-513DEB569EE1}
	EndGlobalSection
EndGlobal
